{
  "name": "matlager-app",
  "version": "0.1.0",
  "lockfileVersion": 3,
  "requires": true,
  "packages": {
    "": {
      "name": "matlager-app",
      "version": "0.1.0",
      "private": true,
      "engines": { "node": "20.x" },
      "dependencies": {
        "next": "14.2.15",
        "react": "18.3.1",
        "react-dom": "18.3.1",
        "@supabase/supabase-js": "^2.45.0"
      },
      "devDependencies": {
        "typescript": "^5.6.3",
        "tailwindcss": "^3.4.14",
        "postcss": "^8.4.47",
        "autoprefixer": "^10.4.20",
        "@playwright/test": "^1.48.2",
        "wait-on": "^7.2.0",
        "@types/react": "^18.3.12",
        "@types/react-dom": "^18.3.1",
        "@types/node": "^20.11.0"
      }
    }
  }
}
